
Microsoft Visual Studio Solution File, Format Version 12.00
# Visual Studio Version 16
VisualStudioVersion = 16.0.30907.101
MinimumVisualStudioVersion = 10.0.40219.1
Project("{9A19103F-16F7-4668-BE54-9A1E7A4F7556}") = "AssetAdministrationShellProject", "AssetAdministrationShell\AssetAdministrationShellProject.csproj", "{B8188540-24C6-4B45-9FDC-77007B275C0B}"
EndProject
Global
	GlobalSection(SolutionConfigurationPlatforms) = preSolution
		Debug|Any CPU = Debug|Any CPU
		Release|Any CPU = Release|Any CPU
	EndGlobalSection
	GlobalSection(ProjectConfigurationPlatforms) = postSolution
		{B8188540-24C6-4B45-9FDC-77007B275C0B}.Debug|Any CPU.ActiveCfg = Debug|Any CPU
		{B8188540-24C6-4B45-9FDC-77007B275C0B}.Debug|Any CPU.Build.0 = Debug|Any CPU
		{B8188540-24C6-4B45-9FDC-77007B275C0B}.Release|Any CPU.ActiveCfg = Release|Any CPU
		{B8188540-24C6-4B45-9FDC-77007B275C0B}.Release|Any CPU.Build.0 = Release|Any CPU
	EndGlobalSection
	GlobalSection(SolutionProperties) = preSolution
		HideSolutionNode = FALSE
	EndGlobalSection
	GlobalSection(ExtensibilityGlobals) = postSolution
		SolutionGuid = {8380D99E-01E9-46D6-BC04-5B3111CEFCF0}
	EndGlobalSection
EndGlobal
